
Microsoft Visual Studio Solution File, Format Version 12.00
Project("{FAE04EC0-301F-11D3-BF4B-00C04F79EFBC}") = "CG_N2_1", "CG_N2_1\CG_N2_1.csproj", "{9567CA01-9AC0-414E-A404-3EF9A9D9A295}"
EndProject
Project("{FAE04EC0-301F-11D3-BF4B-00C04F79EFBC}") = "CG_N2_2", "CG_N2_2\CG_N2_2.csproj", "{5C61279D-95DF-4272-9CB5-7F73F0DA8574}"
EndProject
Project("{FAE04EC0-301F-11D3-BF4B-00C04F79EFBC}") = "CG_N2_3", "CG_N2_3\CG_N2_3.csproj", "{D58B27EA-373F-4906-B8F2-A034D21F9C0B}"
EndProject
Project("{FAE04EC0-301F-11D3-BF4B-00C04F79EFBC}") = "CG_N2_4", "CG_N2_4\CG_N2_4.csproj", "{8C83827C-BD5E-4427-865D-43224DDACDB9}"
EndProject
Global
	GlobalSection(SolutionConfigurationPlatforms) = preSolution
		Debug|Any CPU = Debug|Any CPU
		Release|Any CPU = Release|Any CPU
	EndGlobalSection
	GlobalSection(ProjectConfigurationPlatforms) = postSolution
		{9567CA01-9AC0-414E-A404-3EF9A9D9A295}.Debug|Any CPU.ActiveCfg = Debug|Any CPU
		{9567CA01-9AC0-414E-A404-3EF9A9D9A295}.Debug|Any CPU.Build.0 = Debug|Any CPU
		{9567CA01-9AC0-414E-A404-3EF9A9D9A295}.Release|Any CPU.ActiveCfg = Release|Any CPU
		{9567CA01-9AC0-414E-A404-3EF9A9D9A295}.Release|Any CPU.Build.0 = Release|Any CPU
		{5C61279D-95DF-4272-9CB5-7F73F0DA8574}.Debug|Any CPU.ActiveCfg = Debug|Any CPU
		{5C61279D-95DF-4272-9CB5-7F73F0DA8574}.Debug|Any CPU.Build.0 = Debug|Any CPU
		{5C61279D-95DF-4272-9CB5-7F73F0DA8574}.Release|Any CPU.ActiveCfg = Release|Any CPU
		{5C61279D-95DF-4272-9CB5-7F73F0DA8574}.Release|Any CPU.Build.0 = Release|Any CPU
		{D58B27EA-373F-4906-B8F2-A034D21F9C0B}.Debug|Any CPU.ActiveCfg = Debug|Any CPU
		{D58B27EA-373F-4906-B8F2-A034D21F9C0B}.Debug|Any CPU.Build.0 = Debug|Any CPU
		{D58B27EA-373F-4906-B8F2-A034D21F9C0B}.Release|Any CPU.ActiveCfg = Release|Any CPU
		{D58B27EA-373F-4906-B8F2-A034D21F9C0B}.Release|Any CPU.Build.0 = Release|Any CPU
		{8C83827C-BD5E-4427-865D-43224DDACDB9}.Debug|Any CPU.ActiveCfg = Debug|Any CPU
		{8C83827C-BD5E-4427-865D-43224DDACDB9}.Debug|Any CPU.Build.0 = Debug|Any CPU
		{8C83827C-BD5E-4427-865D-43224DDACDB9}.Release|Any CPU.ActiveCfg = Release|Any CPU
		{8C83827C-BD5E-4427-865D-43224DDACDB9}.Release|Any CPU.Build.0 = Release|Any CPU
	EndGlobalSection
EndGlobal
