
Microsoft Visual Studio Solution File, Format Version 12.00
Project("{FAE04EC0-301F-11D3-BF4B-00C04F79EFBC}") = "CG_N3", "CG_N3\CG_N3.csproj", "{3AC015C0-0D98-4AFA-8840-836876BABDDB}"
EndProject
Global
	GlobalSection(SolutionConfigurationPlatforms) = preSolution
		Debug|Any CPU = Debug|Any CPU
		Release|Any CPU = Release|Any CPU
	EndGlobalSection
	GlobalSection(ProjectConfigurationPlatforms) = postSolution
		{3AC015C0-0D98-4AFA-8840-836876BABDDB}.Debug|Any CPU.ActiveCfg = Debug|Any CPU
		{3AC015C0-0D98-4AFA-8840-836876BABDDB}.Debug|Any CPU.Build.0 = Debug|Any CPU
		{3AC015C0-0D98-4AFA-8840-836876BABDDB}.Release|Any CPU.ActiveCfg = Release|Any CPU
		{3AC015C0-0D98-4AFA-8840-836876BABDDB}.Release|Any CPU.Build.0 = Release|Any CPU
	EndGlobalSection
EndGlobal
